Microsoft Visual Studio Solution File, Format Version 11.00
# Visual Studio 2008

Project("{647D2F57-9224-5D37-4CF4-5F12E1F4F1A8}") = "INF5071", "Assembly-CSharp-firstpass.csproj", "{E08B236D-83E4-AE81-AE18-A081C0D22CC6}"
EndProject
Project("{647D2F57-9224-5D37-4CF4-5F12E1F4F1A8}") = "INF5071", "Assembly-CSharp-Editor.csproj", "{C5C87BE0-7088-7C6A-CF31-5B86B735B33E}"
EndProject
Global
	GlobalSection(SolutionConfigurationPlatforms) = preSolution
		Debug|Any CPU = Debug|Any CPU
		Release|Any CPU = Release|Any CPU
	EndGlobalSection
	GlobalSection(ProjectConfigurationPlatforms) = postSolution
		{E08B236D-83E4-AE81-AE18-A081C0D22CC6}.Debug|Any CPU.ActiveCfg = Debug|Any CPU
		{E08B236D-83E4-AE81-AE18-A081C0D22CC6}.Debug|Any CPU.Build.0 = Debug|Any CPU
		{E08B236D-83E4-AE81-AE18-A081C0D22CC6}.Release|Any CPU.ActiveCfg = Release|Any CPU
		{E08B236D-83E4-AE81-AE18-A081C0D22CC6}.Release|Any CPU.Build.0 = Release|Any CPU
		{C5C87BE0-7088-7C6A-CF31-5B86B735B33E}.Debug|Any CPU.ActiveCfg = Debug|Any CPU
		{C5C87BE0-7088-7C6A-CF31-5B86B735B33E}.Debug|Any CPU.Build.0 = Debug|Any CPU
		{C5C87BE0-7088-7C6A-CF31-5B86B735B33E}.Release|Any CPU.ActiveCfg = Release|Any CPU
		{C5C87BE0-7088-7C6A-CF31-5B86B735B33E}.Release|Any CPU.Build.0 = Release|Any CPU
	EndGlobalSection
	GlobalSection(SolutionProperties) = preSolution
		HideSolutionNode = FALSE
	EndGlobalSection
	GlobalSection(MonoDevelopProperties) = preSolution
		StartupItem = Assembly-CSharp.csproj
	EndGlobalSection
EndGlobal
