
Microsoft Visual Studio Solution File, Format Version 12.00
# Visual Studio 2015
Project("{FAE04EC0-301F-11D3-BF4B-00C04F79EFBC}") = "INF5071.CSharp.Plugins", "INF5071.CSharp.Plugins.csproj", "{766F601E-A114-C406-B3D4-0C12027EAA1D}"
EndProject
Project("{FAE04EC0-301F-11D3-BF4B-00C04F79EFBC}") = "INF5071.CSharp", "INF5071.CSharp.csproj", "{1254913A-481D-E45B-1BF5-948A127B8EC6}"
EndProject
Project("{FAE04EC0-301F-11D3-BF4B-00C04F79EFBC}") = "INF5071.CSharp.Editor", "INF5071.CSharp.Editor.csproj", "{DC8AC40B-829F-29BC-B7C7-5F8C7BF91F9B}"
EndProject
Global
	GlobalSection(SolutionConfigurationPlatforms) = preSolution
		Debug|Any CPU = Debug|Any CPU
		Release|Any CPU = Release|Any CPU
	EndGlobalSection
	GlobalSection(ProjectConfigurationPlatforms) = postSolution
		{766F601E-A114-C406-B3D4-0C12027EAA1D}.Debug|Any CPU.ActiveCfg = Debug|Any CPU
		{766F601E-A114-C406-B3D4-0C12027EAA1D}.Debug|Any CPU.Build.0 = Debug|Any CPU
		{766F601E-A114-C406-B3D4-0C12027EAA1D}.Release|Any CPU.ActiveCfg = Release|Any CPU
		{766F601E-A114-C406-B3D4-0C12027EAA1D}.Release|Any CPU.Build.0 = Release|Any CPU
		{1254913A-481D-E45B-1BF5-948A127B8EC6}.Debug|Any CPU.ActiveCfg = Debug|Any CPU
		{1254913A-481D-E45B-1BF5-948A127B8EC6}.Debug|Any CPU.Build.0 = Debug|Any CPU
		{1254913A-481D-E45B-1BF5-948A127B8EC6}.Release|Any CPU.ActiveCfg = Release|Any CPU
		{1254913A-481D-E45B-1BF5-948A127B8EC6}.Release|Any CPU.Build.0 = Release|Any CPU
		{DC8AC40B-829F-29BC-B7C7-5F8C7BF91F9B}.Debug|Any CPU.ActiveCfg = Debug|Any CPU
		{DC8AC40B-829F-29BC-B7C7-5F8C7BF91F9B}.Debug|Any CPU.Build.0 = Debug|Any CPU
		{DC8AC40B-829F-29BC-B7C7-5F8C7BF91F9B}.Release|Any CPU.ActiveCfg = Release|Any CPU
		{DC8AC40B-829F-29BC-B7C7-5F8C7BF91F9B}.Release|Any CPU.Build.0 = Release|Any CPU
	EndGlobalSection
	GlobalSection(SolutionProperties) = preSolution
		HideSolutionNode = FALSE
	EndGlobalSection
EndGlobal
